// !$*UTF8*$!
{
	archiveVersion = 1;
	classes = {
	};
	objectVersion = 51;
	objects = {

/* Begin PBXBuildFile section */
		922AE54B07855DFE6DE3681D /* Pods_Ecological_momentary_assessments.framework in Frameworks */ = {isa = PBXBuildFile; fileRef = E0372C38A898BDFCB7F9B9EC /* Pods_Ecological_momentary_assessments.framework */; };
		B40A635924635C100047E819 /* Data.swift in Sources */ = {isa = PBXBuildFile; fileRef = B40A635824635C100047E819 /* Data.swift */; };
		B40A635B2463A5ED0047E819 /* LevelDataBrain.swift in Sources */ = {isa = PBXBuildFile; fileRef = B40A635A2463A5ED0047E819 /* LevelDataBrain.swift */; };
		B422EBD524773439009E54D6 /* HRDetectViewController.swift in Sources */ = {isa = PBXBuildFile; fileRef = B422EBD424773439009E54D6 /* HRDetectViewController.swift */; };
		B422EBD92477787A009E54D6 /* HealthKit.framework in Frameworks */ = {isa = PBXBuildFile; fileRef = B422EBD82477787A009E54D6 /* HealthKit.framework */; };
		B42B678C24781F09009E1CA6 /* HeartRateBrain.swift in Sources */ = {isa = PBXBuildFile; fileRef = B42B678B24781F09009E1CA6 /* HeartRateBrain.swift */; };
		B42C34162464585A008CA55A /* LvlQuestionViewController.swift in Sources */ = {isa = PBXBuildFile; fileRef = B42C34152464585A008CA55A /* LvlQuestionViewController.swift */; };
		B42C341824645D19008CA55A /* TestStartViewController.swift in Sources */ = {isa = PBXBuildFile; fileRef = B42C341724645D19008CA55A /* TestStartViewController.swift */; };
		B42C341A2464749B008CA55A /* ChoiceDataBrain.swift in Sources */ = {isa = PBXBuildFile; fileRef = B42C34192464749B008CA55A /* ChoiceDataBrain.swift */; };
		B42C341C24649B13008CA55A /* ChoiceQuestionViewController.swift in Sources */ = {isa = PBXBuildFile; fileRef = B42C341B24649B13008CA55A /* ChoiceQuestionViewController.swift */; };
		B42C6D5F2564DE9800CDBA69 /* PostDataClass.swift in Sources */ = {isa = PBXBuildFile; fileRef = B42C6D5E2564DE9800CDBA69 /* PostDataClass.swift */; };
		B47A8D1A24B180B7003C1028 /* Queue.swift in Sources */ = {isa = PBXBuildFile; fileRef = B47A8D1924B180B7003C1028 /* Queue.swift */; };
		B47A8D1C24B18386003C1028 /* HRUILabel.swift in Sources */ = {isa = PBXBuildFile; fileRef = B47A8D1B24B18386003C1028 /* HRUILabel.swift */; };
		B4858AC024A45E00002B2550 /* HRViewController.swift in Sources */ = {isa = PBXBuildFile; fileRef = B4858ABF24A45E00002B2550 /* HRViewController.swift */; };
		B4C70CBC246054170086AD1D /* AppDelegate.swift in Sources */ = {isa = PBXBuildFile; fileRef = B4C70CBB246054170086AD1D /* AppDelegate.swift */; };
		B4C70CBE246054170086AD1D /* SceneDelegate.swift in Sources */ = {isa = PBXBuildFile; fileRef = B4C70CBD246054170086AD1D /* SceneDelegate.swift */; };
		B4C70CC0246054170086AD1D /* MainViewController.swift in Sources */ = {isa = PBXBuildFile; fileRef = B4C70CBF246054170086AD1D /* MainViewController.swift */; };
		B4C70CC3246054170086AD1D /* Main.storyboard in Resources */ = {isa = PBXBuildFile; fileRef = B4C70CC1246054170086AD1D /* Main.storyboard */; };
		B4C70CC5246054200086AD1D /* Assets.xcassets in Resources */ = {isa = PBXBuildFile; fileRef = B4C70CC4246054200086AD1D /* Assets.xcassets */; };
		B4C70CC8246054200086AD1D /* LaunchScreen.storyboard in Resources */ = {isa = PBXBuildFile; fileRef = B4C70CC6246054200086AD1D /* LaunchScreen.storyboard */; };
		B4CDA49924AE91E300CE7C2F /* CaptureManagerBrain.swift in Sources */ = {isa = PBXBuildFile; fileRef = B4CDA49824AE91E300CE7C2F /* CaptureManagerBrain.swift */; };
/* End PBXBuildFile section */

/* Begin PBXFileReference section */
		94FF1143BF06ADCBC23E53C4 /* Pods-Ecological momentary assessments.debug.xcconfig */ = {isa = PBXFileReference; includeInIndex = 1; lastKnownFileType = text.xcconfig; name = "Pods-Ecological momentary assessments.debug.xcconfig"; path = "Target Support Files/Pods-Ecological momentary assessments/Pods-Ecological momentary assessments.debug.xcconfig"; sourceTree = "<group>"; };
		B40A635824635C100047E819 /* Data.swift */ = {isa = PBXFileReference; lastKnownFileType = sourcecode.swift; path = Data.swift; sourceTree = "<group>"; };
		B40A635A2463A5ED0047E819 /* LevelDataBrain.swift */ = {isa = PBXFileReference; lastKnownFileType = sourcecode.swift; path = LevelDataBrain.swift; sourceTree = "<group>"; };
		B422EBD424773439009E54D6 /* HRDetectViewController.swift */ = {isa = PBXFileReference; lastKnownFileType = sourcecode.swift; path = HRDetectViewController.swift; sourceTree = "<group>"; };
		B422EBD62477787A009E54D6 /* EMARelease.entitlements */ = {isa = PBXFileReference; lastKnownFileType = text.plist.entitlements; path = EMARelease.entitlements; sourceTree = "<group>"; };
		B422EBD82477787A009E54D6 /* HealthKit.framework */ = {isa = PBXFileReference; lastKnownFileType = wrapper.framework; name = HealthKit.framework; path = System/Library/Frameworks/HealthKit.framework; sourceTree = SDKROOT; };
		B42B678B24781F09009E1CA6 /* HeartRateBrain.swift */ = {isa = PBXFileReference; lastKnownFileType = sourcecode.swift; path = HeartRateBrain.swift; sourceTree = "<group>"; };
		B42C34152464585A008CA55A /* LvlQuestionViewController.swift */ = {isa = PBXFileReference; lastKnownFileType = sourcecode.swift; path = LvlQuestionViewController.swift; sourceTree = "<group>"; };
		B42C341724645D19008CA55A /* TestStartViewController.swift */ = {isa = PBXFileReference; lastKnownFileType = sourcecode.swift; path = TestStartViewController.swift; sourceTree = "<group>"; };
		B42C34192464749B008CA55A /* ChoiceDataBrain.swift */ = {isa = PBXFileReference; lastKnownFileType = sourcecode.swift; path = ChoiceDataBrain.swift; sourceTree = "<group>"; };
		B42C341B24649B13008CA55A /* ChoiceQuestionViewController.swift */ = {isa = PBXFileReference; lastKnownFileType = sourcecode.swift; path = ChoiceQuestionViewController.swift; sourceTree = "<group>"; };
		B42C6D5E2564DE9800CDBA69 /* PostDataClass.swift */ = {isa = PBXFileReference; lastKnownFileType = sourcecode.swift; path = PostDataClass.swift; sourceTree = "<group>"; };
		B47A8D1924B180B7003C1028 /* Queue.swift */ = {isa = PBXFileReference; lastKnownFileType = sourcecode.swift; path = Queue.swift; sourceTree = "<group>"; };
		B47A8D1B24B18386003C1028 /* HRUILabel.swift */ = {isa = PBXFileReference; lastKnownFileType = sourcecode.swift; path = HRUILabel.swift; sourceTree = "<group>"; };
		B4858ABF24A45E00002B2550 /* HRViewController.swift */ = {isa = PBXFileReference; lastKnownFileType = sourcecode.swift; path = HRViewController.swift; sourceTree = "<group>"; };
		B4C70CB8246054170086AD1D /* EMA.app */ = {isa = PBXFileReference; explicitFileType = wrapper.application; includeInIndex = 0; path = EMA.app; sourceTree = BUILT_PRODUCTS_DIR; };
		B4C70CBB246054170086AD1D /* AppDelegate.swift */ = {isa = PBXFileReference; lastKnownFileType = sourcecode.swift; path = AppDelegate.swift; sourceTree = "<group>"; };
		B4C70CBD246054170086AD1D /* SceneDelegate.swift */ = {isa = PBXFileReference; lastKnownFileType = sourcecode.swift; path = SceneDelegate.swift; sourceTree = "<group>"; };
		B4C70CBF246054170086AD1D /* MainViewController.swift */ = {isa = PBXFileReference; lastKnownFileType = sourcecode.swift; path = MainViewController.swift; sourceTree = "<group>"; };
		B4C70CC2246054170086AD1D /* Base */ = {isa = PBXFileReference; lastKnownFileType = file.storyboard; name = Base; path = Base.lproj/Main.storyboard; sourceTree = "<group>"; };
		B4C70CC4246054200086AD1D /* Assets.xcassets */ = {isa = PBXFileReference; lastKnownFileType = folder.assetcatalog; path = Assets.xcassets; sourceTree = "<group>"; };
		B4C70CC7246054200086AD1D /* Base */ = {isa = PBXFileReference; lastKnownFileType = file.storyboard; name = Base; path = Base.lproj/LaunchScreen.storyboard; sourceTree = "<group>"; };
		B4C70CC9246054200086AD1D /* Info.plist */ = {isa = PBXFileReference; lastKnownFileType = text.plist.xml; path = Info.plist; sourceTree = "<group>"; };
		B4CDA49824AE91E300CE7C2F /* CaptureManagerBrain.swift */ = {isa = PBXFileReference; lastKnownFileType = sourcecode.swift; path = CaptureManagerBrain.swift; sourceTree = "<group>"; };
		E0372C38A898BDFCB7F9B9EC /* Pods_Ecological_momentary_assessments.framework */ = {isa = PBXFileReference; explicitFileType = wrapper.framework; includeInIndex = 0; path = Pods_Ecological_momentary_assessments.framework; sourceTree = BUILT_PRODUCTS_DIR; };
		E32069536CBBD452EFCBF5EF /* Pods-Ecological momentary assessments.release.xcconfig */ = {isa = PBXFileReference; includeInIndex = 1; lastKnownFileType = text.xcconfig; name = "Pods-Ecological momentary assessments.release.xcconfig"; path = "Target Support Files/Pods-Ecological momentary assessments/Pods-Ecological momentary assessments.release.xcconfig"; sourceTree = "<group>"; };
/* End PBXFileReference section */

/* Begin PBXFrameworksBuildPhase section */
		B4C70CB5246054170086AD1D /* Frameworks */ = {
			isa = PBXFrameworksBuildPhase;
			buildActionMask = 2147483647;
			files = (
				B422EBD92477787A009E54D6 /* HealthKit.framework in Frameworks */,
				922AE54B07855DFE6DE3681D /* Pods_Ecological_momentary_assessments.framework in Frameworks */,
			);
			runOnlyForDeploymentPostprocessing = 0;
		};
/* End PBXFrameworksBuildPhase section */

/* Begin PBXGroup section */
		375940F71D9C00D41E323BAE /* Pods */ = {
			isa = PBXGroup;
			children = (
				94FF1143BF06ADCBC23E53C4 /* Pods-Ecological momentary assessments.debug.xcconfig */,
				E32069536CBBD452EFCBF5EF /* Pods-Ecological momentary assessments.release.xcconfig */,
			);
			path = Pods;
			sourceTree = "<group>";
		};
		B422EBD72477787A009E54D6 /* Frameworks */ = {
			isa = PBXGroup;
			children = (
				B422EBD82477787A009E54D6 /* HealthKit.framework */,
				E0372C38A898BDFCB7F9B9EC /* Pods_Ecological_momentary_assessments.framework */,
			);
			name = Frameworks;
			sourceTree = "<group>";
		};
		B4C70CAF246054170086AD1D = {
			isa = PBXGroup;
			children = (
				B4C70CBA246054170086AD1D /* Ecological momentary assessments */,
				B4C70CB9246054170086AD1D /* Products */,
				B422EBD72477787A009E54D6 /* Frameworks */,
				375940F71D9C00D41E323BAE /* Pods */,
			);
			sourceTree = "<group>";
		};
		B4C70CB9246054170086AD1D /* Products */ = {
			isa = PBXGroup;
			children = (
				B4C70CB8246054170086AD1D /* EMA.app */,
			);
			name = Products;
			sourceTree = "<group>";
		};
		B4C70CBA246054170086AD1D /* Ecological momentary assessments */ = {
			isa = PBXGroup;
			children = (
				B422EBD62477787A009E54D6 /* EMARelease.entitlements */,
				B4C70CBB246054170086AD1D /* AppDelegate.swift */,
				B4C70CBD246054170086AD1D /* SceneDelegate.swift */,
				B4C70CCF246054830086AD1D /* Model */,
				B4C70CD12460549E0086AD1D /* View */,
				B4C70CD2246054A40086AD1D /* Controller */,
				B4C70CC9246054200086AD1D /* Info.plist */,
				B4C70CC4246054200086AD1D /* Assets.xcassets */,
			);
			path = "Ecological momentary assessments";
			sourceTree = "<group>";
		};
		B4C70CCF246054830086AD1D /* Model */ = {
			isa = PBXGroup;
			children = (
				B40A635824635C100047E819 /* Data.swift */,
				B42C6D5E2564DE9800CDBA69 /* PostDataClass.swift */,
				B40A635A2463A5ED0047E819 /* LevelDataBrain.swift */,
				B42C34192464749B008CA55A /* ChoiceDataBrain.swift */,
				B42B678B24781F09009E1CA6 /* HeartRateBrain.swift */,
				B4CDA49824AE91E300CE7C2F /* CaptureManagerBrain.swift */,
				B47A8D1924B180B7003C1028 /* Queue.swift */,
				B47A8D1B24B18386003C1028 /* HRUILabel.swift */,
			);
			path = Model;
			sourceTree = "<group>";
		};
		B4C70CD12460549E0086AD1D /* View */ = {
			isa = PBXGroup;
			children = (
				B4C70CC1246054170086AD1D /* Main.storyboard */,
				B4C70CC6246054200086AD1D /* LaunchScreen.storyboard */,
			);
			path = View;
			sourceTree = "<group>";
		};
		B4C70CD2246054A40086AD1D /* Controller */ = {
			isa = PBXGroup;
			children = (
				B4C70CBF246054170086AD1D /* MainViewController.swift */,
				B4858ABF24A45E00002B2550 /* HRViewController.swift */,
				B42C341724645D19008CA55A /* TestStartViewController.swift */,
				B42C34152464585A008CA55A /* LvlQuestionViewController.swift */,
				B42C341B24649B13008CA55A /* ChoiceQuestionViewController.swift */,
				B422EBD424773439009E54D6 /* HRDetectViewController.swift */,
			);
			path = Controller;
			sourceTree = "<group>";
		};
/* End PBXGroup section */

/* Begin PBXNativeTarget section */
		B4C70CB7246054170086AD1D /* Ecological momentary assessments */ = {
			isa = PBXNativeTarget;
			buildConfigurationList = B4C70CCC246054200086AD1D /* Build configuration list for PBXNativeTarget "Ecological momentary assessments" */;
			buildPhases = (
				D8AF266A693C3300546B3919 /* [CP] Check Pods Manifest.lock */,
				B4C70CB4246054170086AD1D /* Sources */,
				B4C70CB5246054170086AD1D /* Frameworks */,
				B4C70CB6246054170086AD1D /* Resources */,
				1C102E3F74983F415D5B661D /* [CP] Embed Pods Frameworks */,
			);
			buildRules = (
			);
			dependencies = (
			);
			name = "Ecological momentary assessments";
			productName = "Ecological momentary assessments";
			productReference = B4C70CB8246054170086AD1D /* EMA.app */;
			productType = "com.apple.product-type.application";
		};
/* End PBXNativeTarget section */

/* Begin PBXProject section */
		B4C70CB0246054170086AD1D /* Project object */ = {
			isa = PBXProject;
			attributes = {
				LastSwiftUpdateCheck = 1140;
				LastUpgradeCheck = 1200;
				ORGANIZATIONNAME = "Jing Luo";
				TargetAttributes = {
					B4C70CB7246054170086AD1D = {
						CreatedOnToolsVersion = 11.4.1;
					};
				};
			};
			buildConfigurationList = B4C70CB3246054170086AD1D /* Build configuration list for PBXProject "Ecological momentary assessments" */;
			compatibilityVersion = "Xcode 9.3";
			developmentRegion = en;
			hasScannedForEncodings = 0;
			knownRegions = (
				en,
				Base,
			);
			mainGroup = B4C70CAF246054170086AD1D;
			productRefGroup = B4C70CB9246054170086AD1D /* Products */;
			projectDirPath = "";
			projectRoot = "";
			targets = (
				B4C70CB7246054170086AD1D /* Ecological momentary assessments */,
			);
		};
/* End PBXProject section */

/* Begin PBXResourcesBuildPhase section */
		B4C70CB6246054170086AD1D /* Resources */ = {
			isa = PBXResourcesBuildPhase;
			buildActionMask = 2147483647;
			files = (
				B4C70CC8246054200086AD1D /* LaunchScreen.storyboard in Resources */,
				B4C70CC5246054200086AD1D /* Assets.xcassets in Resources */,
				B4C70CC3246054170086AD1D /* Main.storyboard in Resources */,
			);
			runOnlyForDeploymentPostprocessing = 0;
		};
/* End PBXResourcesBuildPhase section */

/* Begin PBXShellScriptBuildPhase section */
		1C102E3F74983F415D5B661D /* [CP] Embed Pods Frameworks */ = {
			isa = PBXShellScriptBuildPhase;
			buildActionMask = 2147483647;
			files = (
			);
			inputFileListPaths = (
				"${PODS_ROOT}/Target Support Files/Pods-Ecological momentary assessments/Pods-Ecological momentary assessments-frameworks-${CONFIGURATION}-input-files.xcfilelist",
			);
			name = "[CP] Embed Pods Frameworks";
			outputFileListPaths = (
				"${PODS_ROOT}/Target Support Files/Pods-Ecological momentary assessments/Pods-Ecological momentary assessments-frameworks-${CONFIGURATION}-output-files.xcfilelist",
			);
			runOnlyForDeploymentPostprocessing = 0;
			shellPath = /bin/sh;
			shellScript = "\"${PODS_ROOT}/Target Support Files/Pods-Ecological momentary assessments/Pods-Ecological momentary assessments-frameworks.sh\"\n";
			showEnvVarsInLog = 0;
		};
		D8AF266A693C3300546B3919 /* [CP] Check Pods Manifest.lock */ = {
			isa = PBXShellScriptBuildPhase;
			buildActionMask = 2147483647;
			files = (
			);
			inputFileListPaths = (
			);
			inputPaths = (
				"${PODS_PODFILE_DIR_PATH}/Podfile.lock",
				"${PODS_ROOT}/Manifest.lock",
			);
			name = "[CP] Check Pods Manifest.lock";
			outputFileListPaths = (
			);
			outputPaths = (
				"$(DERIVED_FILE_DIR)/Pods-Ecological momentary assessments-checkManifestLockResult.txt",
			);
			runOnlyForDeploymentPostprocessing = 0;
			shellPath = /bin/sh;
			shellScript = "diff \"${PODS_PODFILE_DIR_PATH}/Podfile.lock\" \"${PODS_ROOT}/Manifest.lock\" > /dev/null\nif [ $? != 0 ] ; then\n    # print error to STDERR\n    echo \"error: The sandbox is not in sync with the Podfile.lock. Run 'pod install' or update your CocoaPods installation.\" >&2\n    exit 1\nfi\n# This output is used by Xcode 'outputs' to avoid re-running this script phase.\necho \"SUCCESS\" > \"${SCRIPT_OUTPUT_FILE_0}\"\n";
			showEnvVarsInLog = 0;
		};
/* End PBXShellScriptBuildPhase section */

/* Begin PBXSourcesBuildPhase section */
		B4C70CB4246054170086AD1D /* Sources */ = {
			isa = PBXSourcesBuildPhase;
			buildActionMask = 2147483647;
			files = (
				B4C70CC0246054170086AD1D /* MainViewController.swift in Sources */,
				B47A8D1C24B18386003C1028 /* HRUILabel.swift in Sources */,
				B47A8D1A24B180B7003C1028 /* Queue.swift in Sources */,
				B422EBD524773439009E54D6 /* HRDetectViewController.swift in Sources */,
				B42C6D5F2564DE9800CDBA69 /* PostDataClass.swift in Sources */,
				B42C341A2464749B008CA55A /* ChoiceDataBrain.swift in Sources */,
				B42C341824645D19008CA55A /* TestStartViewController.swift in Sources */,
				B42C341C24649B13008CA55A /* ChoiceQuestionViewController.swift in Sources */,
				B40A635B2463A5ED0047E819 /* LevelDataBrain.swift in Sources */,
				B42C34162464585A008CA55A /* LvlQuestionViewController.swift in Sources */,
				B4C70CBC246054170086AD1D /* AppDelegate.swift in Sources */,
				B42B678C24781F09009E1CA6 /* HeartRateBrain.swift in Sources */,
				B4CDA49924AE91E300CE7C2F /* CaptureManagerBrain.swift in Sources */,
				B4C70CBE246054170086AD1D /* SceneDelegate.swift in Sources */,
				B4858AC024A45E00002B2550 /* HRViewController.swift in Sources */,
				B40A635924635C100047E819 /* Data.swift in Sources */,
			);
			runOnlyForDeploymentPostprocessing = 0;
		};
/* End PBXSourcesBuildPhase section */

/* Begin PBXVariantGroup section */
		B4C70CC1246054170086AD1D /* Main.storyboard */ = {
			isa = PBXVariantGroup;
			children = (
				B4C70CC2246054170086AD1D /* Base */,
			);
			name = Main.storyboard;
			sourceTree = "<group>";
		};
		B4C70CC6246054200086AD1D /* LaunchScreen.storyboard */ = {
			isa = PBXVariantGroup;
			children = (
				B4C70CC7246054200086AD1D /* Base */,
			);
			name = LaunchScreen.storyboard;
			sourceTree = "<group>";
		};
/* End PBXVariantGroup section */

/* Begin XCBuildConfiguration section */
		B4C70CCA246054200086AD1D /* Debug */ = {
			isa = XCBuildConfiguration;
			buildSettings = {
				ALWAYS_SEARCH_USER_PATHS = NO;
				CLANG_ANALYZER_NONNULL = YES;
				CLANG_ANALYZER_NUMBER_OBJECT_CONVERSION = YES_AGGRESSIVE;
				CLANG_CXX_LANGUAGE_STANDARD = "gnu++14";
				CLANG_CXX_LIBRARY = "libc++";
				CLANG_ENABLE_MODULES = YES;
				CLANG_ENABLE_OBJC_ARC = YES;
				CLANG_ENABLE_OBJC_WEAK = YES;
				CLANG_WARN_BLOCK_CAPTURE_AUTORELEASING = YES;
				CLANG_WARN_BOOL_CONVERSION = YES;
				CLANG_WARN_COMMA = YES;
				CLANG_WARN_CONSTANT_CONVERSION = YES;
				CLANG_WARN_DEPRECATED_OBJC_IMPLEMENTATIONS = YES;
				CLANG_WARN_DIRECT_OBJC_ISA_USAGE = YES_ERROR;
				CLANG_WARN_DOCUMENTATION_COMMENTS = YES;
				CLANG_WARN_EMPTY_BODY = YES;
				CLANG_WARN_ENUM_CONVERSION = YES;
				CLANG_WARN_INFINITE_RECURSION = YES;
				CLANG_WARN_INT_CONVERSION = YES;
				CLANG_WARN_NON_LITERAL_NULL_CONVERSION = YES;
				CLANG_WARN_OBJC_IMPLICIT_RETAIN_SELF = YES;
				CLANG_WARN_OBJC_LITERAL_CONVERSION = YES;
				CLANG_WARN_OBJC_ROOT_CLASS = YES_ERROR;
				CLANG_WARN_QUOTED_INCLUDE_IN_FRAMEWORK_HEADER = YES;
				CLANG_WARN_RANGE_LOOP_ANALYSIS = YES;
				CLANG_WARN_STRICT_PROTOTYPES = YES;
				CLANG_WARN_SUSPICIOUS_MOVE = YES;
				CLANG_WARN_UNGUARDED_AVAILABILITY = YES_AGGRESSIVE;
				CLANG_WARN_UNREACHABLE_CODE = YES;
				CLANG_WARN__DUPLICATE_METHOD_MATCH = YES;
				COPY_PHASE_STRIP = NO;
				DEBUG_INFORMATION_FORMAT = dwarf;
				ENABLE_STRICT_OBJC_MSGSEND = YES;
				ENABLE_TESTABILITY = YES;
				GCC_C_LANGUAGE_STANDARD = gnu11;
				GCC_DYNAMIC_NO_PIC = NO;
				GCC_NO_COMMON_BLOCKS = YES;
				GCC_OPTIMIZATION_LEVEL = 0;
				GCC_PREPROCESSOR_DEFINITIONS = (
					"DEBUG=1",
					"$(inherited)",
				);
				GCC_WARN_64_TO_32_BIT_CONVERSION = YES;
				GCC_WARN_ABOUT_RETURN_TYPE = YES_ERROR;
				GCC_WARN_UNDECLARED_SELECTOR = YES;
				GCC_WARN_UNINITIALIZED_AUTOS = YES_AGGRESSIVE;
				GCC_WARN_UNUSED_FUNCTION = YES;
				GCC_WARN_UNUSED_VARIABLE = YES;
				IPHONEOS_DEPLOYMENT_TARGET = 14.0;
				MTL_ENABLE_DEBUG_INFO = INCLUDE_SOURCE;
				MTL_FAST_MATH = YES;
				ONLY_ACTIVE_ARCH = YES;
				SDKROOT = iphoneos;
				SWIFT_ACTIVE_COMPILATION_CONDITIONS = DEBUG;
				SWIFT_OPTIMIZATION_LEVEL = "-Onone";
			};
			name = Debug;
		};
		B4C70CCB246054200086AD1D /* Release */ = {
			isa = XCBuildConfiguration;
			buildSettings = {
				ALWAYS_SEARCH_USER_PATHS = NO;
				CLANG_ANALYZER_NONNULL = YES;
				CLANG_ANALYZER_NUMBER_OBJECT_CONVERSION = YES_AGGRESSIVE;
				CLANG_CXX_LANGUAGE_STANDARD = "gnu++14";
				CLANG_CXX_LIBRARY = "libc++";
				CLANG_ENABLE_MODULES = YES;
				CLANG_ENABLE_OBJC_ARC = YES;
				CLANG_ENABLE_OBJC_WEAK = YES;
				CLANG_WARN_BLOCK_CAPTURE_AUTORELEASING = YES;
				CLANG_WARN_BOOL_CONVERSION = YES;
				CLANG_WARN_COMMA = YES;
				CLANG_WARN_CONSTANT_CONVERSION = YES;
				CLANG_WARN_DEPRECATED_OBJC_IMPLEMENTATIONS = YES;
				CLANG_WARN_DIRECT_OBJC_ISA_USAGE = YES_ERROR;
				CLANG_WARN_DOCUMENTATION_COMMENTS = YES;
				CLANG_WARN_EMPTY_BODY = YES;
				CLANG_WARN_ENUM_CONVERSION = YES;
				CLANG_WARN_INFINITE_RECURSION = YES;
				CLANG_WARN_INT_CONVERSION = YES;
				CLANG_WARN_NON_LITERAL_NULL_CONVERSION = YES;
				CLANG_WARN_OBJC_IMPLICIT_RETAIN_SELF = YES;
				CLANG_WARN_OBJC_LITERAL_CONVERSION = YES;
				CLANG_WARN_OBJC_ROOT_CLASS = YES_ERROR;
				CLANG_WARN_QUOTED_INCLUDE_IN_FRAMEWORK_HEADER = YES;
				CLANG_WARN_RANGE_LOOP_ANALYSIS = YES;
				CLANG_WARN_STRICT_PROTOTYPES = YES;
				CLANG_WARN_SUSPICIOUS_MOVE = YES;
				CLANG_WARN_UNGUARDED_AVAILABILITY = YES_AGGRESSIVE;
				CLANG_WARN_UNREACHABLE_CODE = YES;
				CLANG_WARN__DUPLICATE_METHOD_MATCH = YES;
				COPY_PHASE_STRIP = NO;
				DEBUG_INFORMATION_FORMAT = "dwarf-with-dsym";
				ENABLE_NS_ASSERTIONS = NO;
				ENABLE_STRICT_OBJC_MSGSEND = YES;
				GCC_C_LANGUAGE_STANDARD = gnu11;
				GCC_NO_COMMON_BLOCKS = YES;
				GCC_WARN_64_TO_32_BIT_CONVERSION = YES;
				GCC_WARN_ABOUT_RETURN_TYPE = YES_ERROR;
				GCC_WARN_UNDECLARED_SELECTOR = YES;
				GCC_WARN_UNINITIALIZED_AUTOS = YES_AGGRESSIVE;
				GCC_WARN_UNUSED_FUNCTION = YES;
				GCC_WARN_UNUSED_VARIABLE = YES;
				IPHONEOS_DEPLOYMENT_TARGET = 14.0;
				MTL_ENABLE_DEBUG_INFO = NO;
				MTL_FAST_MATH = YES;
				SDKROOT = iphoneos;
				SWIFT_COMPILATION_MODE = wholemodule;
				SWIFT_OPTIMIZATION_LEVEL = "-O";
				VALIDATE_PRODUCT = YES;
			};
			name = Release;
		};
		B4C70CCD246054200086AD1D /* Debug */ = {
			isa = XCBuildConfiguration;
			baseConfigurationReference = 94FF1143BF06ADCBC23E53C4 /* Pods-Ecological momentary assessments.debug.xcconfig */;
			buildSettings = {
				ASSETCATALOG_COMPILER_APPICON_NAME = AppIcon;
				CODE_SIGN_ENTITLEMENTS = "Ecological momentary assessments/EMARelease.entitlements";
				CODE_SIGN_STYLE = Automatic;
				DEVELOPMENT_TEAM = 557WYQYG83;
				INFOPLIST_FILE = "Ecological momentary assessments/Info.plist";
				IPHONEOS_DEPLOYMENT_TARGET = 13.0;
				LD_RUNPATH_SEARCH_PATHS = (
					"$(inherited)",
					"@executable_path/Frameworks",
				);
				PRODUCT_BUNDLE_IDENTIFIER = "com.JingLuo.Ecological-momentary-assessments";
				PRODUCT_NAME = EMA;
				SWIFT_VERSION = 5.0;
				TARGETED_DEVICE_FAMILY = "1,2";
			};
			name = Debug;
		};
		B4C70CCE246054200086AD1D /* Release */ = {
			isa = XCBuildConfiguration;
			baseConfigurationReference = E32069536CBBD452EFCBF5EF /* Pods-Ecological momentary assessments.release.xcconfig */;
			buildSettings = {
				ASSETCATALOG_COMPILER_APPICON_NAME = AppIcon;
				CODE_SIGN_ENTITLEMENTS = "Ecological momentary assessments/EMARelease.entitlements";
				CODE_SIGN_STYLE = Automatic;
				DEVELOPMENT_TEAM = 557WYQYG83;
				INFOPLIST_FILE = "Ecological momentary assessments/Info.plist";
				IPHONEOS_DEPLOYMENT_TARGET = 13.0;
				LD_RUNPATH_SEARCH_PATHS = (
					"$(inherited)",
					"@executable_path/Frameworks",
				);
				PRODUCT_BUNDLE_IDENTIFIER = "com.JingLuo.Ecological-momentary-assessments";
				PRODUCT_NAME = EMA;
				SWIFT_VERSION = 5.0;
				TARGETED_DEVICE_FAMILY = "1,2";
			};
			name = Release;
		};
/* End XCBuildConfiguration section */

/* Begin XCConfigurationList section */
		B4C70CB3246054170086AD1D /* Build configuration list for PBXProject "Ecological momentary assessments" */ = {
			isa = XCConfigurationList;
			buildConfigurations = (
				B4C70CCA246054200086AD1D /* Debug */,
				B4C70CCB246054200086AD1D /* Release */,
			);
			defaultConfigurationIsVisible = 0;
			defaultConfigurationName = Release;
		};
		B4C70CCC246054200086AD1D /* Build configuration list for PBXNativeTarget "Ecological momentary assessments" */ = {
			isa = XCConfigurationList;
			buildConfigurations = (
				B4C70CCD246054200086AD1D /* Debug */,
				B4C70CCE246054200086AD1D /* Release */,
			);
			defaultConfigurationIsVisible = 0;
			defaultConfigurationName = Release;
		};
/* End XCConfigurationList section */
	};
	rootObject = B4C70CB0246054170086AD1D /* Project object */;
}
